
Microsoft Visual Studio Solution File, Format Version 12.00
# Visual Studio Version 16
VisualStudioVersion = 16.0.31515.178
MinimumVisualStudioVersion = 10.0.40219.1
Project("{FAE04EC0-301F-11D3-BF4B-00C04F79EFBC}") = "OOP2.LayerSample.App", "OOP2.LayerSample.App\OOP2.LayerSample.App.csproj", "{E60C5DAF-B341-45CC-87D9-4CD2715F4D54}"
EndProject
Project("{FAE04EC0-301F-11D3-BF4B-00C04F79EFBC}") = "OOP2.LayerSample.Data", "OOP2.LayerSample.Data\OOP2.LayerSample.Data.csproj", "{B113224A-7741-4CD3-A1EF-27B375856E1F}"
EndProject
Project("{FAE04EC0-301F-11D3-BF4B-00C04F79EFBC}") = "OOP2.LayerSample.Entity", "OOP2.LayerSample.Entity\OOP2.LayerSample.Entity.csproj", "{1343B331-EFD3-47AF-A11E-4EF0CE8B4F01}"
EndProject
Project("{FAE04EC0-301F-11D3-BF4B-00C04F79EFBC}") = "OOP2.LayerSample.Repository", "OOP2.LayerSample.Repository\OOP2.LayerSample.Repository.csproj", "{CFCA3D6B-D8D9-4F1E-8D6F-76D610247B22}"
EndProject
Project("{FAE04EC0-301F-11D3-BF4B-00C04F79EFBC}") = "OOP2.LayerSample.Framework", "OOP2.LayerSample.Framework\OOP2.LayerSample.Framework.csproj", "{6077A534-4C69-49C8-AD18-F1E5007B6F00}"
EndProject
Global
	GlobalSection(SolutionConfigurationPlatforms) = preSolution
		Debug|Any CPU = Debug|Any CPU
		Release|Any CPU = Release|Any CPU
	EndGlobalSection
	GlobalSection(ProjectConfigurationPlatforms) = postSolution
		{E60C5DAF-B341-45CC-87D9-4CD2715F4D54}.Debug|Any CPU.ActiveCfg = Debug|Any CPU
		{E60C5DAF-B341-45CC-87D9-4CD2715F4D54}.Debug|Any CPU.Build.0 = Debug|Any CPU
		{E60C5DAF-B341-45CC-87D9-4CD2715F4D54}.Release|Any CPU.ActiveCfg = Release|Any CPU
		{E60C5DAF-B341-45CC-87D9-4CD2715F4D54}.Release|Any CPU.Build.0 = Release|Any CPU
		{B113224A-7741-4CD3-A1EF-27B375856E1F}.Debug|Any CPU.ActiveCfg = Debug|Any CPU
		{B113224A-7741-4CD3-A1EF-27B375856E1F}.Debug|Any CPU.Build.0 = Debug|Any CPU
		{B113224A-7741-4CD3-A1EF-27B375856E1F}.Release|Any CPU.ActiveCfg = Release|Any CPU
		{B113224A-7741-4CD3-A1EF-27B375856E1F}.Release|Any CPU.Build.0 = Release|Any CPU
		{1343B331-EFD3-47AF-A11E-4EF0CE8B4F01}.Debug|Any CPU.ActiveCfg = Debug|Any CPU
		{1343B331-EFD3-47AF-A11E-4EF0CE8B4F01}.Debug|Any CPU.Build.0 = Debug|Any CPU
		{1343B331-EFD3-47AF-A11E-4EF0CE8B4F01}.Release|Any CPU.ActiveCfg = Release|Any CPU
		{1343B331-EFD3-47AF-A11E-4EF0CE8B4F01}.Release|Any CPU.Build.0 = Release|Any CPU
		{CFCA3D6B-D8D9-4F1E-8D6F-76D610247B22}.Debug|Any CPU.ActiveCfg = Debug|Any CPU
		{CFCA3D6B-D8D9-4F1E-8D6F-76D610247B22}.Debug|Any CPU.Build.0 = Debug|Any CPU
		{CFCA3D6B-D8D9-4F1E-8D6F-76D610247B22}.Release|Any CPU.ActiveCfg = Release|Any CPU
		{CFCA3D6B-D8D9-4F1E-8D6F-76D610247B22}.Release|Any CPU.Build.0 = Release|Any CPU
		{6077A534-4C69-49C8-AD18-F1E5007B6F00}.Debug|Any CPU.ActiveCfg = Debug|Any CPU
		{6077A534-4C69-49C8-AD18-F1E5007B6F00}.Debug|Any CPU.Build.0 = Debug|Any CPU
		{6077A534-4C69-49C8-AD18-F1E5007B6F00}.Release|Any CPU.ActiveCfg = Release|Any CPU
		{6077A534-4C69-49C8-AD18-F1E5007B6F00}.Release|Any CPU.Build.0 = Release|Any CPU
	EndGlobalSection
	GlobalSection(SolutionProperties) = preSolution
		HideSolutionNode = FALSE
	EndGlobalSection
	GlobalSection(ExtensibilityGlobals) = postSolution
		SolutionGuid = {A74432CE-6A3E-4279-A901-6DF52AA82244}
	EndGlobalSection
EndGlobal
