
Microsoft Visual Studio Solution File, Format Version 12.00
# Visual Studio Version 16
VisualStudioVersion = 16.0.31424.327
MinimumVisualStudioVersion = 10.0.40219.1
Project("{FAE04EC0-301F-11D3-BF4B-00C04F79EFBC}") = "IMS.Application", "IMS.Application\IMS.Application.csproj", "{2D866A38-37BC-4296-8B94-F44AC5D8C102}"
EndProject
Project("{FAE04EC0-301F-11D3-BF4B-00C04F79EFBC}") = "IMS.DataAccess", "IMS.DataAccess\IMS.DataAccess.csproj", "{5B09D955-3E93-4EB5-A407-7FDD97675611}"
EndProject
Project("{FAE04EC0-301F-11D3-BF4B-00C04F79EFBC}") = "IMS.Entity", "IMS.Entity\IMS.Entity.csproj", "{ED38EB38-60AE-4512-86E8-9D9D8894321B}"
EndProject
Project("{FAE04EC0-301F-11D3-BF4B-00C04F79EFBC}") = "IMS.Framework", "IMS.Framework\IMS.Framework.csproj", "{2DB543F6-AFB8-40CA-B0EA-39F18F0A9CC4}"
EndProject
Project("{FAE04EC0-301F-11D3-BF4B-00C04F79EFBC}") = "IMS.Repository", "IMS.Repository\IMS.Repository.csproj", "{EA6E6A23-9686-4593-90CC-5463100B2BB5}"
EndProject
Global
	GlobalSection(SolutionConfigurationPlatforms) = preSolution
		Debug|Any CPU = Debug|Any CPU
		Debug|x64 = Debug|x64
		Release|Any CPU = Release|Any CPU
		Release|x64 = Release|x64
	EndGlobalSection
	GlobalSection(ProjectConfigurationPlatforms) = postSolution
		{2D866A38-37BC-4296-8B94-F44AC5D8C102}.Debug|Any CPU.ActiveCfg = Debug|Any CPU
		{2D866A38-37BC-4296-8B94-F44AC5D8C102}.Debug|Any CPU.Build.0 = Debug|Any CPU
		{2D866A38-37BC-4296-8B94-F44AC5D8C102}.Debug|x64.ActiveCfg = Debug|x64
		{2D866A38-37BC-4296-8B94-F44AC5D8C102}.Debug|x64.Build.0 = Debug|x64
		{2D866A38-37BC-4296-8B94-F44AC5D8C102}.Release|Any CPU.ActiveCfg = Release|Any CPU
		{2D866A38-37BC-4296-8B94-F44AC5D8C102}.Release|Any CPU.Build.0 = Release|Any CPU
		{2D866A38-37BC-4296-8B94-F44AC5D8C102}.Release|x64.ActiveCfg = Release|x64
		{2D866A38-37BC-4296-8B94-F44AC5D8C102}.Release|x64.Build.0 = Release|x64
		{5B09D955-3E93-4EB5-A407-7FDD97675611}.Debug|Any CPU.ActiveCfg = Debug|Any CPU
		{5B09D955-3E93-4EB5-A407-7FDD97675611}.Debug|Any CPU.Build.0 = Debug|Any CPU
		{5B09D955-3E93-4EB5-A407-7FDD97675611}.Debug|x64.ActiveCfg = Debug|Any CPU
		{5B09D955-3E93-4EB5-A407-7FDD97675611}.Debug|x64.Build.0 = Debug|Any CPU
		{5B09D955-3E93-4EB5-A407-7FDD97675611}.Release|Any CPU.ActiveCfg = Release|Any CPU
		{5B09D955-3E93-4EB5-A407-7FDD97675611}.Release|Any CPU.Build.0 = Release|Any CPU
		{5B09D955-3E93-4EB5-A407-7FDD97675611}.Release|x64.ActiveCfg = Release|Any CPU
		{5B09D955-3E93-4EB5-A407-7FDD97675611}.Release|x64.Build.0 = Release|Any CPU
		{ED38EB38-60AE-4512-86E8-9D9D8894321B}.Debug|Any CPU.ActiveCfg = Debug|Any CPU
		{ED38EB38-60AE-4512-86E8-9D9D8894321B}.Debug|Any CPU.Build.0 = Debug|Any CPU
		{ED38EB38-60AE-4512-86E8-9D9D8894321B}.Debug|x64.ActiveCfg = Debug|Any CPU
		{ED38EB38-60AE-4512-86E8-9D9D8894321B}.Debug|x64.Build.0 = Debug|Any CPU
		{ED38EB38-60AE-4512-86E8-9D9D8894321B}.Release|Any CPU.ActiveCfg = Release|Any CPU
		{ED38EB38-60AE-4512-86E8-9D9D8894321B}.Release|Any CPU.Build.0 = Release|Any CPU
		{ED38EB38-60AE-4512-86E8-9D9D8894321B}.Release|x64.ActiveCfg = Release|Any CPU
		{ED38EB38-60AE-4512-86E8-9D9D8894321B}.Release|x64.Build.0 = Release|Any CPU
		{2DB543F6-AFB8-40CA-B0EA-39F18F0A9CC4}.Debug|Any CPU.ActiveCfg = Debug|Any CPU
		{2DB543F6-AFB8-40CA-B0EA-39F18F0A9CC4}.Debug|Any CPU.Build.0 = Debug|Any CPU
		{2DB543F6-AFB8-40CA-B0EA-39F18F0A9CC4}.Debug|x64.ActiveCfg = Debug|Any CPU
		{2DB543F6-AFB8-40CA-B0EA-39F18F0A9CC4}.Debug|x64.Build.0 = Debug|Any CPU
		{2DB543F6-AFB8-40CA-B0EA-39F18F0A9CC4}.Release|Any CPU.ActiveCfg = Release|Any CPU
		{2DB543F6-AFB8-40CA-B0EA-39F18F0A9CC4}.Release|Any CPU.Build.0 = Release|Any CPU
		{2DB543F6-AFB8-40CA-B0EA-39F18F0A9CC4}.Release|x64.ActiveCfg = Release|Any CPU
		{2DB543F6-AFB8-40CA-B0EA-39F18F0A9CC4}.Release|x64.Build.0 = Release|Any CPU
		{EA6E6A23-9686-4593-90CC-5463100B2BB5}.Debug|Any CPU.ActiveCfg = Debug|Any CPU
		{EA6E6A23-9686-4593-90CC-5463100B2BB5}.Debug|Any CPU.Build.0 = Debug|Any CPU
		{EA6E6A23-9686-4593-90CC-5463100B2BB5}.Debug|x64.ActiveCfg = Debug|Any CPU
		{EA6E6A23-9686-4593-90CC-5463100B2BB5}.Debug|x64.Build.0 = Debug|Any CPU
		{EA6E6A23-9686-4593-90CC-5463100B2BB5}.Release|Any CPU.ActiveCfg = Release|Any CPU
		{EA6E6A23-9686-4593-90CC-5463100B2BB5}.Release|Any CPU.Build.0 = Release|Any CPU
		{EA6E6A23-9686-4593-90CC-5463100B2BB5}.Release|x64.ActiveCfg = Release|Any CPU
		{EA6E6A23-9686-4593-90CC-5463100B2BB5}.Release|x64.Build.0 = Release|Any CPU
	EndGlobalSection
	GlobalSection(SolutionProperties) = preSolution
		HideSolutionNode = FALSE
	EndGlobalSection
	GlobalSection(ExtensibilityGlobals) = postSolution
		SolutionGuid = {79F9402A-22E5-450E-9596-998C9DF1F1D7}
	EndGlobalSection
EndGlobal
