
Microsoft Visual Studio Solution File, Format Version 12.00
# Visual Studio Version 16
VisualStudioVersion = 16.0.31515.178
MinimumVisualStudioVersion = 10.0.40219.1
Project("{FAE04EC0-301F-11D3-BF4B-00C04F79EFBC}") = "SQLInnerJoin", "SQLInnerJoin\SQLInnerJoin.csproj", "{C2F1DC3F-2639-42F7-8815-44C8D6B2AAC3}"
EndProject
Global
	GlobalSection(SolutionConfigurationPlatforms) = preSolution
		Debug|Any CPU = Debug|Any CPU
		Release|Any CPU = Release|Any CPU
	EndGlobalSection
	GlobalSection(ProjectConfigurationPlatforms) = postSolution
		{C2F1DC3F-2639-42F7-8815-44C8D6B2AAC3}.Debug|Any CPU.ActiveCfg = Debug|Any CPU
		{C2F1DC3F-2639-42F7-8815-44C8D6B2AAC3}.Debug|Any CPU.Build.0 = Debug|Any CPU
		{C2F1DC3F-2639-42F7-8815-44C8D6B2AAC3}.Release|Any CPU.ActiveCfg = Release|Any CPU
		{C2F1DC3F-2639-42F7-8815-44C8D6B2AAC3}.Release|Any CPU.Build.0 = Release|Any CPU
	EndGlobalSection
	GlobalSection(SolutionProperties) = preSolution
		HideSolutionNode = FALSE
	EndGlobalSection
	GlobalSection(ExtensibilityGlobals) = postSolution
		SolutionGuid = {D83F5285-0563-4B39-A050-52DA78227850}
	EndGlobalSection
EndGlobal
