
Microsoft Visual Studio Solution File, Format Version 12.00
# Visual Studio Version 16
VisualStudioVersion = 16.0.31205.134
MinimumVisualStudioVersion = 10.0.40219.1
Project("{FAE04EC0-301F-11D3-BF4B-00C04F79EFBC}") = "Task1", "Task1\Task1.csproj", "{D638C99B-0407-4FD7-827F-B16823DF984A}"
EndProject
Global
	GlobalSection(SolutionConfigurationPlatforms) = preSolution
		Debug|Any CPU = Debug|Any CPU
		Release|Any CPU = Release|Any CPU
	EndGlobalSection
	GlobalSection(ProjectConfigurationPlatforms) = postSolution
		{D638C99B-0407-4FD7-827F-B16823DF984A}.Debug|Any CPU.ActiveCfg = Debug|Any CPU
		{D638C99B-0407-4FD7-827F-B16823DF984A}.Debug|Any CPU.Build.0 = Debug|Any CPU
		{D638C99B-0407-4FD7-827F-B16823DF984A}.Release|Any CPU.ActiveCfg = Release|Any CPU
		{D638C99B-0407-4FD7-827F-B16823DF984A}.Release|Any CPU.Build.0 = Release|Any CPU
	EndGlobalSection
	GlobalSection(SolutionProperties) = preSolution
		HideSolutionNode = FALSE
	EndGlobalSection
	GlobalSection(ExtensibilityGlobals) = postSolution
		SolutionGuid = {FA6880C5-6753-412E-A4CE-AD2B3C9E7F36}
	EndGlobalSection
EndGlobal
