
Microsoft Visual Studio Solution File, Format Version 12.00
# Visual Studio Version 16
VisualStudioVersion = 16.0.31424.327
MinimumVisualStudioVersion = 10.0.40219.1
Project("{FAE04EC0-301F-11D3-BF4B-00C04F79EFBC}") = "PraticeWindowsFormsApp", "PraticeWindowsFormsApp\PraticeWindowsFormsApp.csproj", "{40E8556F-E1CB-41E5-BBD3-49CA8516AF02}"
EndProject
Global
	GlobalSection(SolutionConfigurationPlatforms) = preSolution
		Debug|Any CPU = Debug|Any CPU
		Release|Any CPU = Release|Any CPU
	EndGlobalSection
	GlobalSection(ProjectConfigurationPlatforms) = postSolution
		{40E8556F-E1CB-41E5-BBD3-49CA8516AF02}.Debug|Any CPU.ActiveCfg = Debug|Any CPU
		{40E8556F-E1CB-41E5-BBD3-49CA8516AF02}.Debug|Any CPU.Build.0 = Debug|Any CPU
		{40E8556F-E1CB-41E5-BBD3-49CA8516AF02}.Release|Any CPU.ActiveCfg = Release|Any CPU
		{40E8556F-E1CB-41E5-BBD3-49CA8516AF02}.Release|Any CPU.Build.0 = Release|Any CPU
	EndGlobalSection
	GlobalSection(SolutionProperties) = preSolution
		HideSolutionNode = FALSE
	EndGlobalSection
	GlobalSection(ExtensibilityGlobals) = postSolution
		SolutionGuid = {F3B79265-CC43-451B-A929-A7E35AF49AE7}
	EndGlobalSection
EndGlobal
