
Microsoft Visual Studio Solution File, Format Version 12.00
# Visual Studio Version 16
VisualStudioVersion = 16.0.31515.178
MinimumVisualStudioVersion = 10.0.40219.1
Project("{FAE04EC0-301F-11D3-BF4B-00C04F79EFBC}") = "CAppDel", "CAppDel\CAppDel.csproj", "{761FAC06-DDB9-460D-AA82-6C1AD7AC64EF}"
EndProject
Global
	GlobalSection(SolutionConfigurationPlatforms) = preSolution
		Debug|Any CPU = Debug|Any CPU
		Release|Any CPU = Release|Any CPU
	EndGlobalSection
	GlobalSection(ProjectConfigurationPlatforms) = postSolution
		{761FAC06-DDB9-460D-AA82-6C1AD7AC64EF}.Debug|Any CPU.ActiveCfg = Debug|Any CPU
		{761FAC06-DDB9-460D-AA82-6C1AD7AC64EF}.Debug|Any CPU.Build.0 = Debug|Any CPU
		{761FAC06-DDB9-460D-AA82-6C1AD7AC64EF}.Release|Any CPU.ActiveCfg = Release|Any CPU
		{761FAC06-DDB9-460D-AA82-6C1AD7AC64EF}.Release|Any CPU.Build.0 = Release|Any CPU
	EndGlobalSection
	GlobalSection(SolutionProperties) = preSolution
		HideSolutionNode = FALSE
	EndGlobalSection
	GlobalSection(ExtensibilityGlobals) = postSolution
		SolutionGuid = {3DA864B2-D8B3-483F-ADB5-53FDC4E50225}
	EndGlobalSection
EndGlobal
