
Microsoft Visual Studio Solution File, Format Version 12.00
# Visual Studio Version 16
VisualStudioVersion = 16.0.31410.357
MinimumVisualStudioVersion = 10.0.40219.1
Project("{FAE04EC0-301F-11D3-BF4B-00C04F79EFBC}") = "Task2", "Task2\Task2.csproj", "{5A5CABA6-6328-4546-B993-2F647A405F88}"
EndProject
Global
	GlobalSection(SolutionConfigurationPlatforms) = preSolution
		Debug|Any CPU = Debug|Any CPU
		Release|Any CPU = Release|Any CPU
	EndGlobalSection
	GlobalSection(ProjectConfigurationPlatforms) = postSolution
		{5A5CABA6-6328-4546-B993-2F647A405F88}.Debug|Any CPU.ActiveCfg = Debug|Any CPU
		{5A5CABA6-6328-4546-B993-2F647A405F88}.Debug|Any CPU.Build.0 = Debug|Any CPU
		{5A5CABA6-6328-4546-B993-2F647A405F88}.Release|Any CPU.ActiveCfg = Release|Any CPU
		{5A5CABA6-6328-4546-B993-2F647A405F88}.Release|Any CPU.Build.0 = Release|Any CPU
	EndGlobalSection
	GlobalSection(SolutionProperties) = preSolution
		HideSolutionNode = FALSE
	EndGlobalSection
	GlobalSection(ExtensibilityGlobals) = postSolution
		SolutionGuid = {03F182C9-9858-425B-82BD-462DE4768AF3}
	EndGlobalSection
EndGlobal
