
Microsoft Visual Studio Solution File, Format Version 12.00
# Visual Studio Version 16
VisualStudioVersion = 16.0.31424.327
MinimumVisualStudioVersion = 10.0.40219.1
Project("{FAE04EC0-301F-11D3-BF4B-00C04F79EFBC}") = "FinalPoject", "FinalPoject\FinalPoject.csproj", "{2D866A38-37BC-4296-8B94-F44AC5D8C102}"
EndProject
Global
	GlobalSection(SolutionConfigurationPlatforms) = preSolution
		Debug|Any CPU = Debug|Any CPU
		Release|Any CPU = Release|Any CPU
	EndGlobalSection
	GlobalSection(ProjectConfigurationPlatforms) = postSolution
		{2D866A38-37BC-4296-8B94-F44AC5D8C102}.Debug|Any CPU.ActiveCfg = Debug|Any CPU
		{2D866A38-37BC-4296-8B94-F44AC5D8C102}.Debug|Any CPU.Build.0 = Debug|Any CPU
		{2D866A38-37BC-4296-8B94-F44AC5D8C102}.Release|Any CPU.ActiveCfg = Release|Any CPU
		{2D866A38-37BC-4296-8B94-F44AC5D8C102}.Release|Any CPU.Build.0 = Release|Any CPU
	EndGlobalSection
	GlobalSection(SolutionProperties) = preSolution
		HideSolutionNode = FALSE
	EndGlobalSection
	GlobalSection(ExtensibilityGlobals) = postSolution
		SolutionGuid = {79F9402A-22E5-450E-9596-998C9DF1F1D7}
	EndGlobalSection
EndGlobal
