
Microsoft Visual Studio Solution File, Format Version 12.00
# Visual Studio Version 16
VisualStudioVersion = 16.0.31424.327
MinimumVisualStudioVersion = 10.0.40219.1
Project("{FAE04EC0-301F-11D3-BF4B-00C04F79EFBC}") = "WFAStart", "WFAStart\WFAStart.csproj", "{88C3482A-7956-4DE6-B11A-0E6DFA3D7098}"
EndProject
Global
	GlobalSection(SolutionConfigurationPlatforms) = preSolution
		Debug|Any CPU = Debug|Any CPU
		Release|Any CPU = Release|Any CPU
	EndGlobalSection
	GlobalSection(ProjectConfigurationPlatforms) = postSolution
		{88C3482A-7956-4DE6-B11A-0E6DFA3D7098}.Debug|Any CPU.ActiveCfg = Debug|Any CPU
		{88C3482A-7956-4DE6-B11A-0E6DFA3D7098}.Debug|Any CPU.Build.0 = Debug|Any CPU
		{88C3482A-7956-4DE6-B11A-0E6DFA3D7098}.Release|Any CPU.ActiveCfg = Release|Any CPU
		{88C3482A-7956-4DE6-B11A-0E6DFA3D7098}.Release|Any CPU.Build.0 = Release|Any CPU
	EndGlobalSection
	GlobalSection(SolutionProperties) = preSolution
		HideSolutionNode = FALSE
	EndGlobalSection
	GlobalSection(ExtensibilityGlobals) = postSolution
		SolutionGuid = {9476DE74-EF7E-4555-80E4-B05FBDB65101}
	EndGlobalSection
EndGlobal
