
Microsoft Visual Studio Solution File, Format Version 12.00
# Visual Studio Version 16
VisualStudioVersion = 16.0.31424.327
MinimumVisualStudioVersion = 10.0.40219.1
Project("{FAE04EC0-301F-11D3-BF4B-00C04F79EFBC}") = "ADODotNet", "ADODotNet\ADODotNet.csproj", "{AF979518-78F6-42E7-B88D-3D3E5C16F75E}"
EndProject
Global
	GlobalSection(SolutionConfigurationPlatforms) = preSolution
		Debug|Any CPU = Debug|Any CPU
		Release|Any CPU = Release|Any CPU
	EndGlobalSection
	GlobalSection(ProjectConfigurationPlatforms) = postSolution
		{AF979518-78F6-42E7-B88D-3D3E5C16F75E}.Debug|Any CPU.ActiveCfg = Debug|Any CPU
		{AF979518-78F6-42E7-B88D-3D3E5C16F75E}.Debug|Any CPU.Build.0 = Debug|Any CPU
		{AF979518-78F6-42E7-B88D-3D3E5C16F75E}.Release|Any CPU.ActiveCfg = Release|Any CPU
		{AF979518-78F6-42E7-B88D-3D3E5C16F75E}.Release|Any CPU.Build.0 = Release|Any CPU
	EndGlobalSection
	GlobalSection(SolutionProperties) = preSolution
		HideSolutionNode = FALSE
	EndGlobalSection
	GlobalSection(ExtensibilityGlobals) = postSolution
		SolutionGuid = {97756856-ECAF-4515-9025-23BCAF4D605D}
	EndGlobalSection
EndGlobal
