
Microsoft Visual Studio Solution File, Format Version 12.00
# Visual Studio Version 16
VisualStudioVersion = 16.0.31410.357
MinimumVisualStudioVersion = 10.0.40219.1
Project("{FAE04EC0-301F-11D3-BF4B-00C04F79EFBC}") = "Array", "Array\Array.csproj", "{28EB3612-FE56-49B1-9D36-AC65F8BD903D}"
EndProject
Global
	GlobalSection(SolutionConfigurationPlatforms) = preSolution
		Debug|Any CPU = Debug|Any CPU
		Release|Any CPU = Release|Any CPU
	EndGlobalSection
	GlobalSection(ProjectConfigurationPlatforms) = postSolution
		{28EB3612-FE56-49B1-9D36-AC65F8BD903D}.Debug|Any CPU.ActiveCfg = Debug|Any CPU
		{28EB3612-FE56-49B1-9D36-AC65F8BD903D}.Debug|Any CPU.Build.0 = Debug|Any CPU
		{28EB3612-FE56-49B1-9D36-AC65F8BD903D}.Release|Any CPU.ActiveCfg = Release|Any CPU
		{28EB3612-FE56-49B1-9D36-AC65F8BD903D}.Release|Any CPU.Build.0 = Release|Any CPU
	EndGlobalSection
	GlobalSection(SolutionProperties) = preSolution
		HideSolutionNode = FALSE
	EndGlobalSection
	GlobalSection(ExtensibilityGlobals) = postSolution
		SolutionGuid = {50D81ED9-7B21-4C64-B0A9-0884F1D20929}
	EndGlobalSection
EndGlobal
